{
  "nodes": {
    "nixpkgs": {
      "locked": {
        "lastModified": 1767080068,
        "narHash": "sha256-K/So+huuUypuUWuG9TkU9luiXM0iJ30+U+1SEtAjiWA=",
        "owner": "nixos",
        "repo": "nixpkgs",
        "rev": "971f0b81cbae52869500ac04f96b6f8db75c3ff4",
        "type": "github"
      },
      "original": {
        "owner": "nixos",
        "repo": "nixpkgs",
        "type": "github"
      }
    },
    "root": {
      "inputs": {
        "nixpkgs": "nixpkgs"
      }
    }
  },
  "root": "root",
  "version": 7
}
